// !$*UTF8*$!
{
	archiveVersion = 1;
	classes = {
	};
	objectVersion = 56;
	objects = {

/* Begin PBXBuildFile section */
		3102039D28C4B5CD003DBCB4 /* WinActionViewModel.swift in Sources */ = {isa = PBXBuildFile; fileRef = 3102039C28C4B5CD003DBCB4 /* WinActionViewModel.swift */; };
		3193021F28951F0D00D56E1F /* realfriendsApp.swift in Sources */ = {isa = PBXBuildFile; fileRef = 3193021E28951F0D00D56E1F /* realfriendsApp.swift */; };
		3193022128951F0D00D56E1F /* ContentView.swift in Sources */ = {isa = PBXBuildFile; fileRef = 3193022028951F0D00D56E1F /* ContentView.swift */; };
		3193022328951F0E00D56E1F /* Assets.xcassets in Resources */ = {isa = PBXBuildFile; fileRef = 3193022228951F0E00D56E1F /* Assets.xcassets */; };
		3193022628951F0E00D56E1F /* Preview Assets.xcassets in Resources */ = {isa = PBXBuildFile; fileRef = 3193022528951F0E00D56E1F /* Preview Assets.xcassets */; };
		31930230289520B000D56E1F /* Win.swift in Sources */ = {isa = PBXBuildFile; fileRef = 3193022F289520B000D56E1F /* Win.swift */; };
		319302322895210700D56E1F /* User.swift in Sources */ = {isa = PBXBuildFile; fileRef = 319302312895210700D56E1F /* User.swift */; };
		319302342895211900D56E1F /* Message.swift in Sources */ = {isa = PBXBuildFile; fileRef = 319302332895211900D56E1F /* Message.swift */; };
		319302362895213200D56E1F /* FeedView.swift in Sources */ = {isa = PBXBuildFile; fileRef = 319302352895213200D56E1F /* FeedView.swift */; };
		319302382895214500D56E1F /* WinCell.swift in Sources */ = {isa = PBXBuildFile; fileRef = 319302372895214500D56E1F /* WinCell.swift */; };
		3193023A2895215200D56E1F /* WinActionView.swift in Sources */ = {isa = PBXBuildFile; fileRef = 319302392895215200D56E1F /* WinActionView.swift */; };
		3193023C2895216100D56E1F /* NewWinView.swift in Sources */ = {isa = PBXBuildFile; fileRef = 3193023B2895216100D56E1F /* NewWinView.swift */; };
		3193023E2895216D00D56E1F /* WinDetailView.swift in Sources */ = {isa = PBXBuildFile; fileRef = 3193023D2895216D00D56E1F /* WinDetailView.swift */; };
		319302412895218C00D56E1F /* UserProfileView.swift in Sources */ = {isa = PBXBuildFile; fileRef = 319302402895218C00D56E1F /* UserProfileView.swift */; };
		319302432895219F00D56E1F /* ProfileHeaderView.swift in Sources */ = {isa = PBXBuildFile; fileRef = 319302422895219F00D56E1F /* ProfileHeaderView.swift */; };
		31930245289521B700D56E1F /* ProfileActionButtonView.swift in Sources */ = {isa = PBXBuildFile; fileRef = 31930244289521B700D56E1F /* ProfileActionButtonView.swift */; };
		31930247289521D800D56E1F /* FilterButtonView.swift in Sources */ = {isa = PBXBuildFile; fileRef = 31930246289521D800D56E1F /* FilterButtonView.swift */; };
		3193024D289522BF00D56E1F /* ActivityView.swift in Sources */ = {isa = PBXBuildFile; fileRef = 3193024C289522BF00D56E1F /* ActivityView.swift */; };
		31930250289526EA00D56E1F /* CustomTextField.swift in Sources */ = {isa = PBXBuildFile; fileRef = 3193024F289526EA00D56E1F /* CustomTextField.swift */; };
		31930252289526F500D56E1F /* CustomSecureField.swift in Sources */ = {isa = PBXBuildFile; fileRef = 31930251289526F500D56E1F /* CustomSecureField.swift */; };
		31930254289526FF00D56E1F /* TextArea.swift in Sources */ = {isa = PBXBuildFile; fileRef = 31930253289526FF00D56E1F /* TextArea.swift */; };
		3193025628952DD300D56E1F /* Extensions.swift in Sources */ = {isa = PBXBuildFile; fileRef = 3193025528952DD300D56E1F /* Extensions.swift */; };
		319302582895327300D56E1F /* LoginView.swift in Sources */ = {isa = PBXBuildFile; fileRef = 319302572895327300D56E1F /* LoginView.swift */; };
		3193025A2895327F00D56E1F /* RegistrationView.swift in Sources */ = {isa = PBXBuildFile; fileRef = 319302592895327F00D56E1F /* RegistrationView.swift */; };
		3193025D28953DCD00D56E1F /* ImagePicker.swift in Sources */ = {isa = PBXBuildFile; fileRef = 3193025C28953DCD00D56E1F /* ImagePicker.swift */; };
		31C98FD528AE3584009A6163 /* AuthViewModel.swift in Sources */ = {isa = PBXBuildFile; fileRef = 31C98FD428AE3584009A6163 /* AuthViewModel.swift */; };
		31C98FD828AE3830009A6163 /* FirebaseAuth in Frameworks */ = {isa = PBXBuildFile; productRef = 31C98FD728AE3830009A6163 /* FirebaseAuth */; };
		31C98FDA28AE3830009A6163 /* FirebaseFirestore in Frameworks */ = {isa = PBXBuildFile; productRef = 31C98FD928AE3830009A6163 /* FirebaseFirestore */; };
		31C98FDC28AE3830009A6163 /* FirebaseFunctions in Frameworks */ = {isa = PBXBuildFile; productRef = 31C98FDB28AE3830009A6163 /* FirebaseFunctions */; };
		31C98FDE28AE3830009A6163 /* FirebaseStorage in Frameworks */ = {isa = PBXBuildFile; productRef = 31C98FDD28AE3830009A6163 /* FirebaseStorage */; };
		31C98FE028AE39A4009A6163 /* UploadWinViewModel.swift in Sources */ = {isa = PBXBuildFile; fileRef = 31C98FDF28AE39A4009A6163 /* UploadWinViewModel.swift */; };
		31C98FE228AE39B5009A6163 /* FeedViewModel.swift in Sources */ = {isa = PBXBuildFile; fileRef = 31C98FE128AE39B5009A6163 /* FeedViewModel.swift */; };
		31C98FE528AE3A1C009A6163 /* Constants.swift in Sources */ = {isa = PBXBuildFile; fileRef = 31C98FE428AE3A1C009A6163 /* Constants.swift */; };
		31C98FE728AE3EBF009A6163 /* ProfileViewModel.swift in Sources */ = {isa = PBXBuildFile; fileRef = 31C98FE628AE3EBF009A6163 /* ProfileViewModel.swift */; };
		31C98FE928AE41A3009A6163 /* GoogleService-Info.plist in Resources */ = {isa = PBXBuildFile; fileRef = 31C98FE828AE41A3009A6163 /* GoogleService-Info.plist */; };
		31DF7AB628C5E1880069B0C7 /* Kingfisher in Frameworks */ = {isa = PBXBuildFile; productRef = 31DF7AB528C5E1880069B0C7 /* Kingfisher */; };
		31DF7AB828C5F2070069B0C7 /* ActivityViewModel.swift in Sources */ = {isa = PBXBuildFile; fileRef = 31DF7AB728C5F2070069B0C7 /* ActivityViewModel.swift */; };
		31DF7ABA28C5F2700069B0C7 /* Activity.swift in Sources */ = {isa = PBXBuildFile; fileRef = 31DF7AB928C5F2700069B0C7 /* Activity.swift */; };
		31DF7ABC28C61E090069B0C7 /* ActivityCell.swift in Sources */ = {isa = PBXBuildFile; fileRef = 31DF7ABB28C61E090069B0C7 /* ActivityCell.swift */; };
		31DF7ABE28C74FA20069B0C7 /* SelectTypesView.swift in Sources */ = {isa = PBXBuildFile; fileRef = 31DF7ABD28C74FA20069B0C7 /* SelectTypesView.swift */; };
		31DF7AC028C751990069B0C7 /* SelectTypesViewModel.swift in Sources */ = {isa = PBXBuildFile; fileRef = 31DF7ABF28C751990069B0C7 /* SelectTypesViewModel.swift */; };
		31DF7AC228C7533A0069B0C7 /* WinType.swift in Sources */ = {isa = PBXBuildFile; fileRef = 31DF7AC128C7533A0069B0C7 /* WinType.swift */; };
		31DF7AC428C976040069B0C7 /* LazyView.swift in Sources */ = {isa = PBXBuildFile; fileRef = 31DF7AC328C976040069B0C7 /* LazyView.swift */; };
		31DF7AC628C978AC0069B0C7 /* UserViewModel.swift in Sources */ = {isa = PBXBuildFile; fileRef = 31DF7AC528C978AC0069B0C7 /* UserViewModel.swift */; };
		31DF7AC828C9B0AF0069B0C7 /* TypeFeedViewModel.swift in Sources */ = {isa = PBXBuildFile; fileRef = 31DF7AC728C9B0AF0069B0C7 /* TypeFeedViewModel.swift */; };
		31DF7ACA28C9B9430069B0C7 /* TypeFeedView.swift in Sources */ = {isa = PBXBuildFile; fileRef = 31DF7AC928C9B9430069B0C7 /* TypeFeedView.swift */; };
		31DF7ACC28C9D6770069B0C7 /* WinDetailViewModel.swift in Sources */ = {isa = PBXBuildFile; fileRef = 31DF7ACB28C9D6770069B0C7 /* WinDetailViewModel.swift */; };
/* End PBXBuildFile section */

/* Begin PBXFileReference section */
		3102039C28C4B5CD003DBCB4 /* WinActionViewModel.swift */ = {isa = PBXFileReference; lastKnownFileType = sourcecode.swift; path = WinActionViewModel.swift; sourceTree = "<group>"; };
		3193021B28951F0D00D56E1F /* realfriends.app */ = {isa = PBXFileReference; explicitFileType = wrapper.application; includeInIndex = 0; path = realfriends.app; sourceTree = BUILT_PRODUCTS_DIR; };
		3193021E28951F0D00D56E1F /* realfriendsApp.swift */ = {isa = PBXFileReference; lastKnownFileType = sourcecode.swift; path = realfriendsApp.swift; sourceTree = "<group>"; };
		3193022028951F0D00D56E1F /* ContentView.swift */ = {isa = PBXFileReference; lastKnownFileType = sourcecode.swift; path = ContentView.swift; sourceTree = "<group>"; };
		3193022228951F0E00D56E1F /* Assets.xcassets */ = {isa = PBXFileReference; lastKnownFileType = folder.assetcatalog; path = Assets.xcassets; sourceTree = "<group>"; };
		3193022528951F0E00D56E1F /* Preview Assets.xcassets */ = {isa = PBXFileReference; lastKnownFileType = folder.assetcatalog; path = "Preview Assets.xcassets"; sourceTree = "<group>"; };
		3193022F289520B000D56E1F /* Win.swift */ = {isa = PBXFileReference; lastKnownFileType = sourcecode.swift; path = Win.swift; sourceTree = "<group>"; };
		319302312895210700D56E1F /* User.swift */ = {isa = PBXFileReference; lastKnownFileType = sourcecode.swift; path = User.swift; sourceTree = "<group>"; };
		319302332895211900D56E1F /* Message.swift */ = {isa = PBXFileReference; lastKnownFileType = sourcecode.swift; path = Message.swift; sourceTree = "<group>"; };
		319302352895213200D56E1F /* FeedView.swift */ = {isa = PBXFileReference; lastKnownFileType = sourcecode.swift; path = FeedView.swift; sourceTree = "<group>"; };
		319302372895214500D56E1F /* WinCell.swift */ = {isa = PBXFileReference; lastKnownFileType = sourcecode.swift; path = WinCell.swift; sourceTree = "<group>"; };
		319302392895215200D56E1F /* WinActionView.swift */ = {isa = PBXFileReference; lastKnownFileType = sourcecode.swift; path = WinActionView.swift; sourceTree = "<group>"; };
		3193023B2895216100D56E1F /* NewWinView.swift */ = {isa = PBXFileReference; lastKnownFileType = sourcecode.swift; path = NewWinView.swift; sourceTree = "<group>"; };
		3193023D2895216D00D56E1F /* WinDetailView.swift */ = {isa = PBXFileReference; lastKnownFileType = sourcecode.swift; path = WinDetailView.swift; sourceTree = "<group>"; };
		319302402895218C00D56E1F /* UserProfileView.swift */ = {isa = PBXFileReference; lastKnownFileType = sourcecode.swift; path = UserProfileView.swift; sourceTree = "<group>"; };
		319302422895219F00D56E1F /* ProfileHeaderView.swift */ = {isa = PBXFileReference; lastKnownFileType = sourcecode.swift; path = ProfileHeaderView.swift; sourceTree = "<group>"; };
		31930244289521B700D56E1F /* ProfileActionButtonView.swift */ = {isa = PBXFileReference; lastKnownFileType = sourcecode.swift; path = ProfileActionButtonView.swift; sourceTree = "<group>"; };
		31930246289521D800D56E1F /* FilterButtonView.swift */ = {isa = PBXFileReference; lastKnownFileType = sourcecode.swift; path = FilterButtonView.swift; sourceTree = "<group>"; };
		3193024C289522BF00D56E1F /* ActivityView.swift */ = {isa = PBXFileReference; lastKnownFileType = sourcecode.swift; path = ActivityView.swift; sourceTree = "<group>"; };
		3193024F289526EA00D56E1F /* CustomTextField.swift */ = {isa = PBXFileReference; lastKnownFileType = sourcecode.swift; path = CustomTextField.swift; sourceTree = "<group>"; };
		31930251289526F500D56E1F /* CustomSecureField.swift */ = {isa = PBXFileReference; lastKnownFileType = sourcecode.swift; path = CustomSecureField.swift; sourceTree = "<group>"; };
		31930253289526FF00D56E1F /* TextArea.swift */ = {isa = PBXFileReference; lastKnownFileType = sourcecode.swift; path = TextArea.swift; sourceTree = "<group>"; };
		3193025528952DD300D56E1F /* Extensions.swift */ = {isa = PBXFileReference; lastKnownFileType = sourcecode.swift; path = Extensions.swift; sourceTree = "<group>"; };
		319302572895327300D56E1F /* LoginView.swift */ = {isa = PBXFileReference; lastKnownFileType = sourcecode.swift; path = LoginView.swift; sourceTree = "<group>"; };
		319302592895327F00D56E1F /* RegistrationView.swift */ = {isa = PBXFileReference; lastKnownFileType = sourcecode.swift; path = RegistrationView.swift; sourceTree = "<group>"; };
		3193025C28953DCD00D56E1F /* ImagePicker.swift */ = {isa = PBXFileReference; lastKnownFileType = sourcecode.swift; path = ImagePicker.swift; sourceTree = "<group>"; };
		31C98FD428AE3584009A6163 /* AuthViewModel.swift */ = {isa = PBXFileReference; lastKnownFileType = sourcecode.swift; path = AuthViewModel.swift; sourceTree = "<group>"; };
		31C98FDF28AE39A4009A6163 /* UploadWinViewModel.swift */ = {isa = PBXFileReference; lastKnownFileType = sourcecode.swift; path = UploadWinViewModel.swift; sourceTree = "<group>"; };
		31C98FE128AE39B5009A6163 /* FeedViewModel.swift */ = {isa = PBXFileReference; lastKnownFileType = sourcecode.swift; path = FeedViewModel.swift; sourceTree = "<group>"; };
		31C98FE428AE3A1C009A6163 /* Constants.swift */ = {isa = PBXFileReference; lastKnownFileType = sourcecode.swift; path = Constants.swift; sourceTree = "<group>"; };
		31C98FE628AE3EBF009A6163 /* ProfileViewModel.swift */ = {isa = PBXFileReference; lastKnownFileType = sourcecode.swift; path = ProfileViewModel.swift; sourceTree = "<group>"; };
		31C98FE828AE41A3009A6163 /* GoogleService-Info.plist */ = {isa = PBXFileReference; fileEncoding = 4; lastKnownFileType = text.plist.xml; path = "GoogleService-Info.plist"; sourceTree = "<group>"; };
		31DF7AB728C5F2070069B0C7 /* ActivityViewModel.swift */ = {isa = PBXFileReference; lastKnownFileType = sourcecode.swift; path = ActivityViewModel.swift; sourceTree = "<group>"; };
		31DF7AB928C5F2700069B0C7 /* Activity.swift */ = {isa = PBXFileReference; lastKnownFileType = sourcecode.swift; path = Activity.swift; sourceTree = "<group>"; };
		31DF7ABB28C61E090069B0C7 /* ActivityCell.swift */ = {isa = PBXFileReference; lastKnownFileType = sourcecode.swift; path = ActivityCell.swift; sourceTree = "<group>"; };
		31DF7ABD28C74FA20069B0C7 /* SelectTypesView.swift */ = {isa = PBXFileReference; lastKnownFileType = sourcecode.swift; path = SelectTypesView.swift; sourceTree = "<group>"; };
		31DF7ABF28C751990069B0C7 /* SelectTypesViewModel.swift */ = {isa = PBXFileReference; lastKnownFileType = sourcecode.swift; path = SelectTypesViewModel.swift; sourceTree = "<group>"; };
		31DF7AC128C7533A0069B0C7 /* WinType.swift */ = {isa = PBXFileReference; lastKnownFileType = sourcecode.swift; path = WinType.swift; sourceTree = "<group>"; };
		31DF7AC328C976040069B0C7 /* LazyView.swift */ = {isa = PBXFileReference; lastKnownFileType = sourcecode.swift; path = LazyView.swift; sourceTree = "<group>"; };
		31DF7AC528C978AC0069B0C7 /* UserViewModel.swift */ = {isa = PBXFileReference; lastKnownFileType = sourcecode.swift; path = UserViewModel.swift; sourceTree = "<group>"; };
		31DF7AC728C9B0AF0069B0C7 /* TypeFeedViewModel.swift */ = {isa = PBXFileReference; lastKnownFileType = sourcecode.swift; path = TypeFeedViewModel.swift; sourceTree = "<group>"; };
		31DF7AC928C9B9430069B0C7 /* TypeFeedView.swift */ = {isa = PBXFileReference; lastKnownFileType = sourcecode.swift; path = TypeFeedView.swift; sourceTree = "<group>"; };
		31DF7ACB28C9D6770069B0C7 /* WinDetailViewModel.swift */ = {isa = PBXFileReference; lastKnownFileType = sourcecode.swift; path = WinDetailViewModel.swift; sourceTree = "<group>"; };
/* End PBXFileReference section */

/* Begin PBXFrameworksBuildPhase section */
		3193021828951F0D00D56E1F /* Frameworks */ = {
			isa = PBXFrameworksBuildPhase;
			buildActionMask = 2147483647;
			files = (
				31C98FDC28AE3830009A6163 /* FirebaseFunctions in Frameworks */,
				31C98FDE28AE3830009A6163 /* FirebaseStorage in Frameworks */,
				31C98FD828AE3830009A6163 /* FirebaseAuth in Frameworks */,
				31C98FDA28AE3830009A6163 /* FirebaseFirestore in Frameworks */,
				31DF7AB628C5E1880069B0C7 /* Kingfisher in Frameworks */,
			);
			runOnlyForDeploymentPostprocessing = 0;
		};
/* End PBXFrameworksBuildPhase section */

/* Begin PBXGroup section */
		3193021228951F0D00D56E1F = {
			isa = PBXGroup;
			children = (
				3193021D28951F0D00D56E1F /* realfriends */,
				3193021C28951F0D00D56E1F /* Products */,
			);
			sourceTree = "<group>";
		};
		3193021C28951F0D00D56E1F /* Products */ = {
			isa = PBXGroup;
			children = (
				3193021B28951F0D00D56E1F /* realfriends.app */,
			);
			name = Products;
			sourceTree = "<group>";
		};
		3193021D28951F0D00D56E1F /* realfriends */ = {
			isa = PBXGroup;
			children = (
				31C98FE328AE3A0D009A6163 /* API */,
				3193021E28951F0D00D56E1F /* realfriendsApp.swift */,
				3193024E289526D100D56E1F /* Utils */,
				3193022E2895207D00D56E1F /* Model */,
				3193022D2895206F00D56E1F /* ViewModel */,
				3193022C28951F5800D56E1F /* View */,
				3193022228951F0E00D56E1F /* Assets.xcassets */,
				31C98FE828AE41A3009A6163 /* GoogleService-Info.plist */,
				3193022428951F0E00D56E1F /* Preview Content */,
			);
			path = realfriends;
			sourceTree = "<group>";
		};
		3193022428951F0E00D56E1F /* Preview Content */ = {
			isa = PBXGroup;
			children = (
				3193022528951F0E00D56E1F /* Preview Assets.xcassets */,
			);
			path = "Preview Content";
			sourceTree = "<group>";
		};
		3193022C28951F5800D56E1F /* View */ = {
			isa = PBXGroup;
			children = (
				3193024B289522B100D56E1F /* Activity */,
				3193024A289521FE00D56E1F /* Wins */,
				31930249289521EE00D56E1F /* Feed */,
				31930248289521E700D56E1F /* Main */,
				3193023F2895217700D56E1F /* Profile */,
				3193025B2895328400D56E1F /* Authentication */,
			);
			path = View;
			sourceTree = "<group>";
		};
		3193022D2895206F00D56E1F /* ViewModel */ = {
			isa = PBXGroup;
			children = (
				31C98FD428AE3584009A6163 /* AuthViewModel.swift */,
				31C98FDF28AE39A4009A6163 /* UploadWinViewModel.swift */,
				31C98FE128AE39B5009A6163 /* FeedViewModel.swift */,
				31DF7AC728C9B0AF0069B0C7 /* TypeFeedViewModel.swift */,
				31C98FE628AE3EBF009A6163 /* ProfileViewModel.swift */,
				3102039C28C4B5CD003DBCB4 /* WinActionViewModel.swift */,
				31DF7AB728C5F2070069B0C7 /* ActivityViewModel.swift */,
				31DF7ABF28C751990069B0C7 /* SelectTypesViewModel.swift */,
				31DF7AC528C978AC0069B0C7 /* UserViewModel.swift */,
				31DF7ACB28C9D6770069B0C7 /* WinDetailViewModel.swift */,
			);
			path = ViewModel;
			sourceTree = "<group>";
		};
		3193022E2895207D00D56E1F /* Model */ = {
			isa = PBXGroup;
			children = (
				3193022F289520B000D56E1F /* Win.swift */,
				319302312895210700D56E1F /* User.swift */,
				319302332895211900D56E1F /* Message.swift */,
				31DF7AB928C5F2700069B0C7 /* Activity.swift */,
				31DF7AC128C7533A0069B0C7 /* WinType.swift */,
			);
			path = Model;
			sourceTree = "<group>";
		};
		3193023F2895217700D56E1F /* Profile */ = {
			isa = PBXGroup;
			children = (
				319302402895218C00D56E1F /* UserProfileView.swift */,
				319302422895219F00D56E1F /* ProfileHeaderView.swift */,
				31930244289521B700D56E1F /* ProfileActionButtonView.swift */,
				31930246289521D800D56E1F /* FilterButtonView.swift */,
			);
			path = Profile;
			sourceTree = "<group>";
		};
		31930248289521E700D56E1F /* Main */ = {
			isa = PBXGroup;
			children = (
				3193022028951F0D00D56E1F /* ContentView.swift */,
			);
			path = Main;
			sourceTree = "<group>";
		};
		31930249289521EE00D56E1F /* Feed */ = {
			isa = PBXGroup;
			children = (
				319302352895213200D56E1F /* FeedView.swift */,
				31DF7AC928C9B9430069B0C7 /* TypeFeedView.swift */,
			);
			path = Feed;
			sourceTree = "<group>";
		};
		3193024A289521FE00D56E1F /* Wins */ = {
			isa = PBXGroup;
			children = (
				319302372895214500D56E1F /* WinCell.swift */,
				319302392895215200D56E1F /* WinActionView.swift */,
				3193023B2895216100D56E1F /* NewWinView.swift */,
				3193023D2895216D00D56E1F /* WinDetailView.swift */,
				31DF7ABD28C74FA20069B0C7 /* SelectTypesView.swift */,
			);
			path = Wins;
			sourceTree = "<group>";
		};
		3193024B289522B100D56E1F /* Activity */ = {
			isa = PBXGroup;
			children = (
				3193024C289522BF00D56E1F /* ActivityView.swift */,
				31DF7ABB28C61E090069B0C7 /* ActivityCell.swift */,
			);
			path = Activity;
			sourceTree = "<group>";
		};
		3193024E289526D100D56E1F /* Utils */ = {
			isa = PBXGroup;
			children = (
				3193024F289526EA00D56E1F /* CustomTextField.swift */,
				31930251289526F500D56E1F /* CustomSecureField.swift */,
				31930253289526FF00D56E1F /* TextArea.swift */,
				3193025528952DD300D56E1F /* Extensions.swift */,
				3193025C28953DCD00D56E1F /* ImagePicker.swift */,
				31DF7AC328C976040069B0C7 /* LazyView.swift */,
			);
			path = Utils;
			sourceTree = "<group>";
		};
		3193025B2895328400D56E1F /* Authentication */ = {
			isa = PBXGroup;
			children = (
				319302572895327300D56E1F /* LoginView.swift */,
				319302592895327F00D56E1F /* RegistrationView.swift */,
			);
			path = Authentication;
			sourceTree = "<group>";
		};
		31C98FE328AE3A0D009A6163 /* API */ = {
			isa = PBXGroup;
			children = (
				31C98FE428AE3A1C009A6163 /* Constants.swift */,
			);
			path = API;
			sourceTree = "<group>";
		};
/* End PBXGroup section */

/* Begin PBXNativeTarget section */
		3193021A28951F0D00D56E1F /* realfriends */ = {
			isa = PBXNativeTarget;
			buildConfigurationList = 3193022928951F0E00D56E1F /* Build configuration list for PBXNativeTarget "realfriends" */;
			buildPhases = (
				3193021728951F0D00D56E1F /* Sources */,
				3193021828951F0D00D56E1F /* Frameworks */,
				3193021928951F0D00D56E1F /* Resources */,
			);
			buildRules = (
			);
			dependencies = (
			);
			name = realfriends;
			packageProductDependencies = (
				31C98FD728AE3830009A6163 /* FirebaseAuth */,
				31C98FD928AE3830009A6163 /* FirebaseFirestore */,
				31C98FDB28AE3830009A6163 /* FirebaseFunctions */,
				31C98FDD28AE3830009A6163 /* FirebaseStorage */,
				31DF7AB528C5E1880069B0C7 /* Kingfisher */,
			);
			productName = realfriends;
			productReference = 3193021B28951F0D00D56E1F /* realfriends.app */;
			productType = "com.apple.product-type.application";
		};
/* End PBXNativeTarget section */

/* Begin PBXProject section */
		3193021328951F0D00D56E1F /* Project object */ = {
			isa = PBXProject;
			attributes = {
				BuildIndependentTargetsInParallel = 1;
				LastSwiftUpdateCheck = 1400;
				LastUpgradeCheck = 1400;
				TargetAttributes = {
					3193021A28951F0D00D56E1F = {
						CreatedOnToolsVersion = 14.0;
					};
				};
			};
			buildConfigurationList = 3193021628951F0D00D56E1F /* Build configuration list for PBXProject "realfriends" */;
			compatibilityVersion = "Xcode 14.0";
			developmentRegion = en;
			hasScannedForEncodings = 0;
			knownRegions = (
				en,
				Base,
			);
			mainGroup = 3193021228951F0D00D56E1F;
			packageReferences = (
				31C98FD628AE3830009A6163 /* XCRemoteSwiftPackageReference "firebase-ios-sdk" */,
				31DF7AB428C5E1880069B0C7 /* XCRemoteSwiftPackageReference "Kingfisher" */,
			);
			productRefGroup = 3193021C28951F0D00D56E1F /* Products */;
			projectDirPath = "";
			projectRoot = "";
			targets = (
				3193021A28951F0D00D56E1F /* realfriends */,
			);
		};
/* End PBXProject section */

/* Begin PBXResourcesBuildPhase section */
		3193021928951F0D00D56E1F /* Resources */ = {
			isa = PBXResourcesBuildPhase;
			buildActionMask = 2147483647;
			files = (
				3193022628951F0E00D56E1F /* Preview Assets.xcassets in Resources */,
				3193022328951F0E00D56E1F /* Assets.xcassets in Resources */,
				31C98FE928AE41A3009A6163 /* GoogleService-Info.plist in Resources */,
			);
			runOnlyForDeploymentPostprocessing = 0;
		};
/* End PBXResourcesBuildPhase section */

/* Begin PBXSourcesBuildPhase section */
		3193021728951F0D00D56E1F /* Sources */ = {
			isa = PBXSourcesBuildPhase;
			buildActionMask = 2147483647;
			files = (
				31DF7ACA28C9B9430069B0C7 /* TypeFeedView.swift in Sources */,
				31DF7ABE28C74FA20069B0C7 /* SelectTypesView.swift in Sources */,
				31DF7ABA28C5F2700069B0C7 /* Activity.swift in Sources */,
				31C98FE228AE39B5009A6163 /* FeedViewModel.swift in Sources */,
				3193023E2895216D00D56E1F /* WinDetailView.swift in Sources */,
				319302322895210700D56E1F /* User.swift in Sources */,
				31C98FE728AE3EBF009A6163 /* ProfileViewModel.swift in Sources */,
				31C98FE028AE39A4009A6163 /* UploadWinViewModel.swift in Sources */,
				31DF7ACC28C9D6770069B0C7 /* WinDetailViewModel.swift in Sources */,
				31930247289521D800D56E1F /* FilterButtonView.swift in Sources */,
				3193025A2895327F00D56E1F /* RegistrationView.swift in Sources */,
				31930230289520B000D56E1F /* Win.swift in Sources */,
				31DF7AC228C7533A0069B0C7 /* WinType.swift in Sources */,
				31C98FE528AE3A1C009A6163 /* Constants.swift in Sources */,
				31930250289526EA00D56E1F /* CustomTextField.swift in Sources */,
				31DF7AC428C976040069B0C7 /* LazyView.swift in Sources */,
				31DF7AB828C5F2070069B0C7 /* ActivityViewModel.swift in Sources */,
				31930245289521B700D56E1F /* ProfileActionButtonView.swift in Sources */,
				31DF7AC028C751990069B0C7 /* SelectTypesViewModel.swift in Sources */,
				3193025D28953DCD00D56E1F /* ImagePicker.swift in Sources */,
				319302342895211900D56E1F /* Message.swift in Sources */,
				3193025628952DD300D56E1F /* Extensions.swift in Sources */,
				31930254289526FF00D56E1F /* TextArea.swift in Sources */,
				3193022128951F0D00D56E1F /* ContentView.swift in Sources */,
				319302362895213200D56E1F /* FeedView.swift in Sources */,
				3193024D289522BF00D56E1F /* ActivityView.swift in Sources */,
				31930252289526F500D56E1F /* CustomSecureField.swift in Sources */,
				31DF7AC628C978AC0069B0C7 /* UserViewModel.swift in Sources */,
				31DF7ABC28C61E090069B0C7 /* ActivityCell.swift in Sources */,
				3102039D28C4B5CD003DBCB4 /* WinActionViewModel.swift in Sources */,
				3193023A2895215200D56E1F /* WinActionView.swift in Sources */,
				319302432895219F00D56E1F /* ProfileHeaderView.swift in Sources */,
				31C98FD528AE3584009A6163 /* AuthViewModel.swift in Sources */,
				319302412895218C00D56E1F /* UserProfileView.swift in Sources */,
				3193021F28951F0D00D56E1F /* realfriendsApp.swift in Sources */,
				3193023C2895216100D56E1F /* NewWinView.swift in Sources */,
				319302582895327300D56E1F /* LoginView.swift in Sources */,
				31DF7AC828C9B0AF0069B0C7 /* TypeFeedViewModel.swift in Sources */,
				319302382895214500D56E1F /* WinCell.swift in Sources */,
			);
			runOnlyForDeploymentPostprocessing = 0;
		};
/* End PBXSourcesBuildPhase section */

/* Begin XCBuildConfiguration section */
		3193022728951F0E00D56E1F /* Debug */ = {
			isa = XCBuildConfiguration;
			buildSettings = {
				ALWAYS_SEARCH_USER_PATHS = NO;
				CLANG_ANALYZER_NONNULL = YES;
				CLANG_ANALYZER_NUMBER_OBJECT_CONVERSION = YES_AGGRESSIVE;
				CLANG_CXX_LANGUAGE_STANDARD = "gnu++20";
				CLANG_ENABLE_MODULES = YES;
				CLANG_ENABLE_OBJC_ARC = YES;
				CLANG_ENABLE_OBJC_WEAK = YES;
				CLANG_WARN_BLOCK_CAPTURE_AUTORELEASING = YES;
				CLANG_WARN_BOOL_CONVERSION = YES;
				CLANG_WARN_COMMA = YES;
				CLANG_WARN_CONSTANT_CONVERSION = YES;
				CLANG_WARN_DEPRECATED_OBJC_IMPLEMENTATIONS = YES;
				CLANG_WARN_DIRECT_OBJC_ISA_USAGE = YES_ERROR;
				CLANG_WARN_DOCUMENTATION_COMMENTS = YES;
				CLANG_WARN_EMPTY_BODY = YES;
				CLANG_WARN_ENUM_CONVERSION = YES;
				CLANG_WARN_INFINITE_RECURSION = YES;
				CLANG_WARN_INT_CONVERSION = YES;
				CLANG_WARN_NON_LITERAL_NULL_CONVERSION = YES;
				CLANG_WARN_OBJC_IMPLICIT_RETAIN_SELF = YES;
				CLANG_WARN_OBJC_LITERAL_CONVERSION = YES;
				CLANG_WARN_OBJC_ROOT_CLASS = YES_ERROR;
				CLANG_WARN_QUOTED_INCLUDE_IN_FRAMEWORK_HEADER = YES;
				CLANG_WARN_RANGE_LOOP_ANALYSIS = YES;
				CLANG_WARN_STRICT_PROTOTYPES = YES;
				CLANG_WARN_SUSPICIOUS_MOVE = YES;
				CLANG_WARN_UNGUARDED_AVAILABILITY = YES_AGGRESSIVE;
				CLANG_WARN_UNREACHABLE_CODE = YES;
				CLANG_WARN__DUPLICATE_METHOD_MATCH = YES;
				COPY_PHASE_STRIP = NO;
				DEBUG_INFORMATION_FORMAT = dwarf;
				ENABLE_STRICT_OBJC_MSGSEND = YES;
				ENABLE_TESTABILITY = YES;
				GCC_C_LANGUAGE_STANDARD = gnu11;
				GCC_DYNAMIC_NO_PIC = NO;
				GCC_NO_COMMON_BLOCKS = YES;
				GCC_OPTIMIZATION_LEVEL = 0;
				GCC_PREPROCESSOR_DEFINITIONS = (
					"DEBUG=1",
					"$(inherited)",
				);
				GCC_WARN_64_TO_32_BIT_CONVERSION = YES;
				GCC_WARN_ABOUT_RETURN_TYPE = YES_ERROR;
				GCC_WARN_UNDECLARED_SELECTOR = YES;
				GCC_WARN_UNINITIALIZED_AUTOS = YES_AGGRESSIVE;
				GCC_WARN_UNUSED_FUNCTION = YES;
				GCC_WARN_UNUSED_VARIABLE = YES;
				IPHONEOS_DEPLOYMENT_TARGET = 16.0;
				MTL_ENABLE_DEBUG_INFO = INCLUDE_SOURCE;
				MTL_FAST_MATH = YES;
				ONLY_ACTIVE_ARCH = YES;
				SDKROOT = iphoneos;
				SWIFT_ACTIVE_COMPILATION_CONDITIONS = DEBUG;
				SWIFT_OPTIMIZATION_LEVEL = "-Onone";
			};
			name = Debug;
		};
		3193022828951F0E00D56E1F /* Release */ = {
			isa = XCBuildConfiguration;
			buildSettings = {
				ALWAYS_SEARCH_USER_PATHS = NO;
				CLANG_ANALYZER_NONNULL = YES;
				CLANG_ANALYZER_NUMBER_OBJECT_CONVERSION = YES_AGGRESSIVE;
				CLANG_CXX_LANGUAGE_STANDARD = "gnu++20";
				CLANG_ENABLE_MODULES = YES;
				CLANG_ENABLE_OBJC_ARC = YES;
				CLANG_ENABLE_OBJC_WEAK = YES;
				CLANG_WARN_BLOCK_CAPTURE_AUTORELEASING = YES;
				CLANG_WARN_BOOL_CONVERSION = YES;
				CLANG_WARN_COMMA = YES;
				CLANG_WARN_CONSTANT_CONVERSION = YES;
				CLANG_WARN_DEPRECATED_OBJC_IMPLEMENTATIONS = YES;
				CLANG_WARN_DIRECT_OBJC_ISA_USAGE = YES_ERROR;
				CLANG_WARN_DOCUMENTATION_COMMENTS = YES;
				CLANG_WARN_EMPTY_BODY = YES;
				CLANG_WARN_ENUM_CONVERSION = YES;
				CLANG_WARN_INFINITE_RECURSION = YES;
				CLANG_WARN_INT_CONVERSION = YES;
				CLANG_WARN_NON_LITERAL_NULL_CONVERSION = YES;
				CLANG_WARN_OBJC_IMPLICIT_RETAIN_SELF = YES;
				CLANG_WARN_OBJC_LITERAL_CONVERSION = YES;
				CLANG_WARN_OBJC_ROOT_CLASS = YES_ERROR;
				CLANG_WARN_QUOTED_INCLUDE_IN_FRAMEWORK_HEADER = YES;
				CLANG_WARN_RANGE_LOOP_ANALYSIS = YES;
				CLANG_WARN_STRICT_PROTOTYPES = YES;
				CLANG_WARN_SUSPICIOUS_MOVE = YES;
				CLANG_WARN_UNGUARDED_AVAILABILITY = YES_AGGRESSIVE;
				CLANG_WARN_UNREACHABLE_CODE = YES;
				CLANG_WARN__DUPLICATE_METHOD_MATCH = YES;
				COPY_PHASE_STRIP = NO;
				DEBUG_INFORMATION_FORMAT = "dwarf-with-dsym";
				ENABLE_NS_ASSERTIONS = NO;
				ENABLE_STRICT_OBJC_MSGSEND = YES;
				GCC_C_LANGUAGE_STANDARD = gnu11;
				GCC_NO_COMMON_BLOCKS = YES;
				GCC_WARN_64_TO_32_BIT_CONVERSION = YES;
				GCC_WARN_ABOUT_RETURN_TYPE = YES_ERROR;
				GCC_WARN_UNDECLARED_SELECTOR = YES;
				GCC_WARN_UNINITIALIZED_AUTOS = YES_AGGRESSIVE;
				GCC_WARN_UNUSED_FUNCTION = YES;
				GCC_WARN_UNUSED_VARIABLE = YES;
				IPHONEOS_DEPLOYMENT_TARGET = 16.0;
				MTL_ENABLE_DEBUG_INFO = NO;
				MTL_FAST_MATH = YES;
				SDKROOT = iphoneos;
				SWIFT_COMPILATION_MODE = wholemodule;
				SWIFT_OPTIMIZATION_LEVEL = "-O";
				VALIDATE_PRODUCT = YES;
			};
			name = Release;
		};
		3193022A28951F0E00D56E1F /* Debug */ = {
			isa = XCBuildConfiguration;
			buildSettings = {
				ASSETCATALOG_COMPILER_APPICON_NAME = AppIcon;
				ASSETCATALOG_COMPILER_GLOBAL_ACCENT_COLOR_NAME = AccentColor;
				CODE_SIGN_STYLE = Automatic;
				CURRENT_PROJECT_VERSION = 1;
				DEVELOPMENT_ASSET_PATHS = "\"realfriends/Preview Content\"";
				DEVELOPMENT_TEAM = S6V29A8HUW;
				ENABLE_PREVIEWS = YES;
				GENERATE_INFOPLIST_FILE = YES;
				INFOPLIST_KEY_UIApplicationSceneManifest_Generation = YES;
				INFOPLIST_KEY_UIApplicationSupportsIndirectInputEvents = YES;
				INFOPLIST_KEY_UILaunchScreen_Generation = YES;
				INFOPLIST_KEY_UISupportedInterfaceOrientations_iPad = "UIInterfaceOrientationPortrait UIInterfaceOrientationPortraitUpsideDown UIInterfaceOrientationLandscapeLeft UIInterfaceOrientationLandscapeRight";
				INFOPLIST_KEY_UISupportedInterfaceOrientations_iPhone = "UIInterfaceOrientationPortrait UIInterfaceOrientationLandscapeLeft UIInterfaceOrientationLandscapeRight";
				LD_RUNPATH_SEARCH_PATHS = (
					"$(inherited)",
					"@executable_path/Frameworks",
				);
				MARKETING_VERSION = 1.0;
				PRODUCT_BUNDLE_IDENTIFIER = com.john.realfriends;
				PRODUCT_NAME = "$(TARGET_NAME)";
				SWIFT_EMIT_LOC_STRINGS = YES;
				SWIFT_VERSION = 5.0;
				TARGETED_DEVICE_FAMILY = "1,2";
			};
			name = Debug;
		};
		3193022B28951F0E00D56E1F /* Release */ = {
			isa = XCBuildConfiguration;
			buildSettings = {
				ASSETCATALOG_COMPILER_APPICON_NAME = AppIcon;
				ASSETCATALOG_COMPILER_GLOBAL_ACCENT_COLOR_NAME = AccentColor;
				CODE_SIGN_STYLE = Automatic;
				CURRENT_PROJECT_VERSION = 1;
				DEVELOPMENT_ASSET_PATHS = "\"realfriends/Preview Content\"";
				DEVELOPMENT_TEAM = S6V29A8HUW;
				ENABLE_PREVIEWS = YES;
				GENERATE_INFOPLIST_FILE = YES;
				INFOPLIST_KEY_UIApplicationSceneManifest_Generation = YES;
				INFOPLIST_KEY_UIApplicationSupportsIndirectInputEvents = YES;
				INFOPLIST_KEY_UILaunchScreen_Generation = YES;
				INFOPLIST_KEY_UISupportedInterfaceOrientations_iPad = "UIInterfaceOrientationPortrait UIInterfaceOrientationPortraitUpsideDown UIInterfaceOrientationLandscapeLeft UIInterfaceOrientationLandscapeRight";
				INFOPLIST_KEY_UISupportedInterfaceOrientations_iPhone = "UIInterfaceOrientationPortrait UIInterfaceOrientationLandscapeLeft UIInterfaceOrientationLandscapeRight";
				LD_RUNPATH_SEARCH_PATHS = (
					"$(inherited)",
					"@executable_path/Frameworks",
				);
				MARKETING_VERSION = 1.0;
				PRODUCT_BUNDLE_IDENTIFIER = com.john.realfriends;
				PRODUCT_NAME = "$(TARGET_NAME)";
				SWIFT_EMIT_LOC_STRINGS = YES;
				SWIFT_VERSION = 5.0;
				TARGETED_DEVICE_FAMILY = "1,2";
			};
			name = Release;
		};
/* End XCBuildConfiguration section */

/* Begin XCConfigurationList section */
		3193021628951F0D00D56E1F /* Build configuration list for PBXProject "realfriends" */ = {
			isa = XCConfigurationList;
			buildConfigurations = (
				3193022728951F0E00D56E1F /* Debug */,
				3193022828951F0E00D56E1F /* Release */,
			);
			defaultConfigurationIsVisible = 0;
			defaultConfigurationName = Release;
		};
		3193022928951F0E00D56E1F /* Build configuration list for PBXNativeTarget "realfriends" */ = {
			isa = XCConfigurationList;
			buildConfigurations = (
				3193022A28951F0E00D56E1F /* Debug */,
				3193022B28951F0E00D56E1F /* Release */,
			);
			defaultConfigurationIsVisible = 0;
			defaultConfigurationName = Release;
		};
/* End XCConfigurationList section */

/* Begin XCRemoteSwiftPackageReference section */
		31C98FD628AE3830009A6163 /* XCRemoteSwiftPackageReference "firebase-ios-sdk" */ = {
			isa = XCRemoteSwiftPackageReference;
			repositoryURL = "https://github.com/firebase/firebase-ios-sdk.git";
			requirement = {
				branch = master;
				kind = branch;
			};
		};
		31DF7AB428C5E1880069B0C7 /* XCRemoteSwiftPackageReference "Kingfisher" */ = {
			isa = XCRemoteSwiftPackageReference;
			repositoryURL = "https://github.com/onevcat/Kingfisher.git";
			requirement = {
				branch = master;
				kind = branch;
			};
		};
/* End XCRemoteSwiftPackageReference section */

/* Begin XCSwiftPackageProductDependency section */
		31C98FD728AE3830009A6163 /* FirebaseAuth */ = {
			isa = XCSwiftPackageProductDependency;
			package = 31C98FD628AE3830009A6163 /* XCRemoteSwiftPackageReference "firebase-ios-sdk" */;
			productName = FirebaseAuth;
		};
		31C98FD928AE3830009A6163 /* FirebaseFirestore */ = {
			isa = XCSwiftPackageProductDependency;
			package = 31C98FD628AE3830009A6163 /* XCRemoteSwiftPackageReference "firebase-ios-sdk" */;
			productName = FirebaseFirestore;
		};
		31C98FDB28AE3830009A6163 /* FirebaseFunctions */ = {
			isa = XCSwiftPackageProductDependency;
			package = 31C98FD628AE3830009A6163 /* XCRemoteSwiftPackageReference "firebase-ios-sdk" */;
			productName = FirebaseFunctions;
		};
		31C98FDD28AE3830009A6163 /* FirebaseStorage */ = {
			isa = XCSwiftPackageProductDependency;
			package = 31C98FD628AE3830009A6163 /* XCRemoteSwiftPackageReference "firebase-ios-sdk" */;
			productName = FirebaseStorage;
		};
		31DF7AB528C5E1880069B0C7 /* Kingfisher */ = {
			isa = XCSwiftPackageProductDependency;
			package = 31DF7AB428C5E1880069B0C7 /* XCRemoteSwiftPackageReference "Kingfisher" */;
			productName = Kingfisher;
		};
/* End XCSwiftPackageProductDependency section */
	};
	rootObject = 3193021328951F0D00D56E1F /* Project object */;
}
